// !$*UTF8*$!
{
	archiveVersion = 1;
	classes = {
	};
	objectVersion = 70;
	objects = {

/* Begin PBXBuildFile section */
		23077F622C72A4E1000D131F /* Icon.swift in Sources */ = {isa = PBXBuildFile; fileRef = 23077F612C72A4E1000D131F /* Icon.swift */; };
		23077F642C72A501000D131F /* IconView.swift in Sources */ = {isa = PBXBuildFile; fileRef = 23077F632C72A501000D131F /* IconView.swift */; };
		23077F662C7D7309000D131F /* MenuView.swift in Sources */ = {isa = PBXBuildFile; fileRef = 23077F652C7D7309000D131F /* MenuView.swift */; };
		23077F6A2C7ED6B8000D131F /* RevenueCat in Frameworks */ = {isa = PBXBuildFile; productRef = 23077F692C7ED6B8000D131F /* RevenueCat */; };
		23077F6C2C7ED6B8000D131F /* RevenueCatUI in Frameworks */ = {isa = PBXBuildFile; productRef = 23077F6B2C7ED6B8000D131F /* RevenueCatUI */; };
		23077F6E2C7ED6DC000D131F /* StoreKit.framework in Frameworks */ = {isa = PBXBuildFile; fileRef = 23077F6D2C7ED6DC000D131F /* StoreKit.framework */; };
		23077F702C7ED891000D131F /* Secrets.swift in Sources */ = {isa = PBXBuildFile; fileRef = 23077F6F2C7ED891000D131F /* Secrets.swift */; };
		23077F722C7EDD36000D131F /* PurchasesDelegateHandler.swift in Sources */ = {isa = PBXBuildFile; fileRef = 23077F712C7EDD36000D131F /* PurchasesDelegateHandler.swift */; };
		23077F742C851268000D131F /* UserViewModel.swift in Sources */ = {isa = PBXBuildFile; fileRef = 23077F732C851268000D131F /* UserViewModel.swift */; };
		23077F762C851CFE000D131F /* Smart Choices.storekit in Resources */ = {isa = PBXBuildFile; fileRef = 23077F752C851CFE000D131F /* Smart Choices.storekit */; };
		23077F772C851CFE000D131F /* Smart Choices.storekit in Resources */ = {isa = PBXBuildFile; fileRef = 23077F752C851CFE000D131F /* Smart Choices.storekit */; };
		23077F792C851DF7000D131F /* StoreKitTestCertificate.cer in Resources */ = {isa = PBXBuildFile; fileRef = 23077F782C851DF7000D131F /* StoreKitTestCertificate.cer */; };
		23077F7A2C851DF7000D131F /* StoreKitTestCertificate.cer in Resources */ = {isa = PBXBuildFile; fileRef = 23077F782C851DF7000D131F /* StoreKitTestCertificate.cer */; };
		23077F7F2C881802000D131F /* SettingsView.swift in Sources */ = {isa = PBXBuildFile; fileRef = 23077F7E2C881802000D131F /* SettingsView.swift */; };
		23077F812C883059000D131F /* SDLog.swift in Sources */ = {isa = PBXBuildFile; fileRef = 23077F802C883059000D131F /* SDLog.swift */; };
		231C72B32C50AFF0000A20D5 /* ManageRewardsView.swift in Sources */ = {isa = PBXBuildFile; fileRef = 231C72B22C50AFF0000A20D5 /* ManageRewardsView.swift */; };
		231C72B62C50BA6D000A20D5 /* ManageRewardsView.swift in Sources */ = {isa = PBXBuildFile; fileRef = 231C72B52C50BA6D000A20D5 /* ManageRewardsView.swift */; };
		231C72B82C50BC52000A20D5 /* IconPickerView.swift in Sources */ = {isa = PBXBuildFile; fileRef = 231C72B72C50BC52000A20D5 /* IconPickerView.swift */; };
		231C72BA2C54513B000A20D5 /* AddEditRewardView.swift in Sources */ = {isa = PBXBuildFile; fileRef = 231C72B92C54513B000A20D5 /* AddEditRewardView.swift */; };
		232AF07E2C9658E40077353B /* StatsView.swift in Sources */ = {isa = PBXBuildFile; fileRef = 232AF07D2C9658E40077353B /* StatsView.swift */; };
		23357F1B2C901F190000DB7B /* LogDatabase.swift in Sources */ = {isa = PBXBuildFile; fileRef = 2392DD0B2C8BF77300DE3034 /* LogDatabase.swift */; };
		23357F1D2C915B710000DB7B /* AboutView.swift in Sources */ = {isa = PBXBuildFile; fileRef = 23357F1C2C915B710000DB7B /* AboutView.swift */; };
		23729D072DF2B24E007317AA /* UserDatabase.swift in Sources */ = {isa = PBXBuildFile; fileRef = 23729D062DF2B24E007317AA /* UserDatabase.swift */; };
		23729D082DF2B24E007317AA /* UserDatabase.swift in Sources */ = {isa = PBXBuildFile; fileRef = 23729D062DF2B24E007317AA /* UserDatabase.swift */; };
		23729D0A2DF2B25D007317AA /* SDUser.swift in Sources */ = {isa = PBXBuildFile; fileRef = 23729D092DF2B25D007317AA /* SDUser.swift */; };
		23729D0B2DF2B25D007317AA /* SDUser.swift in Sources */ = {isa = PBXBuildFile; fileRef = 23729D092DF2B25D007317AA /* SDUser.swift */; };
               23729D0D2DF2B273007317AA /* StandardColor.swift in Sources */ = {isa = PBXBuildFile; fileRef = 23729D0C2DF2B273007317AA /* StandardColor.swift */; };
               23729D0E2DF2B273007317AA /* StandardColor.swift in Sources */ = {isa = PBXBuildFile; fileRef = 23729D0C2DF2B273007317AA /* StandardColor.swift */; };
		2392DD0A2C8BF25B00DE3034 /* SDLog.swift in Sources */ = {isa = PBXBuildFile; fileRef = 23077F802C883059000D131F /* SDLog.swift */; };
		2392DD0C2C8BF77300DE3034 /* LogDatabase.swift in Sources */ = {isa = PBXBuildFile; fileRef = 2392DD0B2C8BF77300DE3034 /* LogDatabase.swift */; };
		2392DD0E2C8BFF7A00DE3034 /* LogListView.swift in Sources */ = {isa = PBXBuildFile; fileRef = 2392DD0D2C8BFF7A00DE3034 /* LogListView.swift */; };
		2392DD102C8E956E00DE3034 /* LogEntryView.swift in Sources */ = {isa = PBXBuildFile; fileRef = 2392DD0F2C8E956E00DE3034 /* LogEntryView.swift */; };
		2392DD112C8E956E00DE3034 /* LogEntryView.swift in Sources */ = {isa = PBXBuildFile; fileRef = 2392DD0F2C8E956E00DE3034 /* LogEntryView.swift */; };
		2392DD122C8E991900DE3034 /* SCButtonStyle.swift in Sources */ = {isa = PBXBuildFile; fileRef = 23BF8CAD2C2D12D500C40157 /* SCButtonStyle.swift */; };
		2392DD142C8EB09500DE3034 /* KeyView.swift in Sources */ = {isa = PBXBuildFile; fileRef = 2392DD132C8EB09500DE3034 /* KeyView.swift */; };
		2392DD152C8EB09500DE3034 /* KeyView.swift in Sources */ = {isa = PBXBuildFile; fileRef = 2392DD132C8EB09500DE3034 /* KeyView.swift */; };
		2392DD172C8EB10700DE3034 /* BadgeLabel.swift in Sources */ = {isa = PBXBuildFile; fileRef = 2392DD162C8EB10700DE3034 /* BadgeLabel.swift */; };
		2392DD182C8EB10700DE3034 /* BadgeLabel.swift in Sources */ = {isa = PBXBuildFile; fileRef = 2392DD162C8EB10700DE3034 /* BadgeLabel.swift */; };
		23AB23CF2DF67CBB00BB4589 /* ManageUsersView.swift in Sources */ = {isa = PBXBuildFile; fileRef = 23AB23CE2DF67CBA00BB4589 /* ManageUsersView.swift */; };
		23AB23D02DF67CBB00BB4589 /* AddEditUserView.swift in Sources */ = {isa = PBXBuildFile; fileRef = 23AB23CD2DF67CBA00BB4589 /* AddEditUserView.swift */; };
		23AB23DD2DFD100800BB4589 /* SelectedUserManager.swift in Sources */ = {isa = PBXBuildFile; fileRef = 23AB23DC2DFD100800BB4589 /* SelectedUserManager.swift */; };
		23AB23DE2DFD100800BB4589 /* SelectedUserManager.swift in Sources */ = {isa = PBXBuildFile; fileRef = 23AB23DC2DFD100800BB4589 /* SelectedUserManager.swift */; };
		23AB23E02DFE1E9400BB4589 /* ThemeColorKey.swift in Sources */ = {isa = PBXBuildFile; fileRef = 23AB23DF2DFE1E9400BB4589 /* ThemeColorKey.swift */; };
		23AB23E12DFE1E9400BB4589 /* ThemeColorKey.swift in Sources */ = {isa = PBXBuildFile; fileRef = 23AB23DF2DFE1E9400BB4589 /* ThemeColorKey.swift */; };
		23AB23E52DFE5C3600BB4589 /* MultiUserMigrationView.swift in Sources */ = {isa = PBXBuildFile; fileRef = 23AB23E42DFE5C3600BB4589 /* MultiUserMigrationView.swift */; };
		23B80C212C2FA9CE0031B115 /* RewardListView.swift in Sources */ = {isa = PBXBuildFile; fileRef = 23B80C202C2FA9CE0031B115 /* RewardListView.swift */; };
		23B80C232C2FAA360031B115 /* Reward.swift in Sources */ = {isa = PBXBuildFile; fileRef = 23B80C222C2FAA360031B115 /* Reward.swift */; };
		23B80C262C2FB7810031B115 /* ConfettiSwiftUI in Frameworks */ = {isa = PBXBuildFile; productRef = 23B80C252C2FB7810031B115 /* ConfettiSwiftUI */; };
		23BF8C9D2C2D05BB00C40157 /* obeyApp.swift in Sources */ = {isa = PBXBuildFile; fileRef = 23BF8C9C2C2D05BB00C40157 /* obeyApp.swift */; };
		23BF8C9F2C2D05BB00C40157 /* ContentView.swift in Sources */ = {isa = PBXBuildFile; fileRef = 23BF8C9E2C2D05BB00C40157 /* ContentView.swift */; };
		23BF8CA32C2D05BD00C40157 /* Assets.xcassets in Resources */ = {isa = PBXBuildFile; fileRef = 23BF8CA22C2D05BD00C40157 /* Assets.xcassets */; };
		23BF8CA72C2D05BD00C40157 /* Preview Assets.xcassets in Resources */ = {isa = PBXBuildFile; fileRef = 23BF8CA62C2D05BD00C40157 /* Preview Assets.xcassets */; };
		23BF8CAE2C2D12D500C40157 /* SCButtonStyle.swift in Sources */ = {isa = PBXBuildFile; fileRef = 23BF8CAD2C2D12D500C40157 /* SCButtonStyle.swift */; };
		23BF8CB02C2D130400C40157 /* DeviceShakeViewModifier.swift in Sources */ = {isa = PBXBuildFile; fileRef = 23BF8CAF2C2D130400C40157 /* DeviceShakeViewModifier.swift */; };
		23BF8CB22C2D16B800C40157 /* Alert.swift in Sources */ = {isa = PBXBuildFile; fileRef = 23BF8CB12C2D16B800C40157 /* Alert.swift */; };
		23BF8CB42C2D173400C40157 /* DebugView.swift in Sources */ = {isa = PBXBuildFile; fileRef = 23BF8CB32C2D173400C40157 /* DebugView.swift */; };
		23BF8CB62C2D17D800C40157 /* Constants.swift in Sources */ = {isa = PBXBuildFile; fileRef = 23BF8CB52C2D17D800C40157 /* Constants.swift */; };
		23C435D42C97EB3200E21137 /* LogRewardTip.swift in Sources */ = {isa = PBXBuildFile; fileRef = 23C435D32C97EB3200E21137 /* LogRewardTip.swift */; };
		23C435D52C97EB3200E21137 /* LogRewardTip.swift in Sources */ = {isa = PBXBuildFile; fileRef = 23C435D32C97EB3200E21137 /* LogRewardTip.swift */; };
		23C435D82C97EE7400E21137 /* ManageRewardsSwipeActionsTip.swift in Sources */ = {isa = PBXBuildFile; fileRef = 23C435D72C97EE7400E21137 /* ManageRewardsSwipeActionsTip.swift */; };
		23C435D92C97EE7400E21137 /* ManageRewardsSwipeActionsTip.swift in Sources */ = {isa = PBXBuildFile; fileRef = 23C435D72C97EE7400E21137 /* ManageRewardsSwipeActionsTip.swift */; };
		23C435DB2C97F1E900E21137 /* OpenSettingsTip.swift in Sources */ = {isa = PBXBuildFile; fileRef = 23C435DA2C97F1E900E21137 /* OpenSettingsTip.swift */; };
		23C435DC2C97F1E900E21137 /* OpenSettingsTip.swift in Sources */ = {isa = PBXBuildFile; fileRef = 23C435DA2C97F1E900E21137 /* OpenSettingsTip.swift */; };
		23C435DE2C97F33C00E21137 /* BigButtonTip.swift in Sources */ = {isa = PBXBuildFile; fileRef = 23C435DD2C97F33C00E21137 /* BigButtonTip.swift */; };
		23C435DF2C97F33C00E21137 /* BigButtonTip.swift in Sources */ = {isa = PBXBuildFile; fileRef = 23C435DD2C97F33C00E21137 /* BigButtonTip.swift */; };
		23C4360D2CC0B2A600E21137 /* LastStat.swift in Sources */ = {isa = PBXBuildFile; fileRef = 23C4360C2CC0B2A600E21137 /* LastStat.swift */; };
		23C4360E2CC0B2A600E21137 /* LastStat.swift in Sources */ = {isa = PBXBuildFile; fileRef = 23C4360C2CC0B2A600E21137 /* LastStat.swift */; };
		23C436112CC0BF3700E21137 /* Recap in Frameworks */ = {isa = PBXBuildFile; productRef = 23C436102CC0BF3700E21137 /* Recap */; };
		23C436132CC0BFBC00E21137 /* ObeyRecap.swift in Sources */ = {isa = PBXBuildFile; fileRef = 23C436122CC0BFBC00E21137 /* ObeyRecap.swift */; };
		23C436152CC0C01300E21137 /* Releases.md in Resources */ = {isa = PBXBuildFile; fileRef = 23C436142CC0C00C00E21137 /* Releases.md */; };
		23C436172CC362F000E21137 /* Intro.md in Resources */ = {isa = PBXBuildFile; fileRef = 23C436162CC362F000E21137 /* Intro.md */; };
		23C7ECDD2C35098D00001637 /* obeyWatchApp.swift in Sources */ = {isa = PBXBuildFile; fileRef = 23C7ECDC2C35098D00001637 /* obeyWatchApp.swift */; };
		23C7ECDF2C35098D00001637 /* ContentView.swift in Sources */ = {isa = PBXBuildFile; fileRef = 23C7ECDE2C35098D00001637 /* ContentView.swift */; };
		23C7ECE12C35098F00001637 /* Assets.xcassets in Resources */ = {isa = PBXBuildFile; fileRef = 23C7ECE02C35098F00001637 /* Assets.xcassets */; };
		23C7ECE42C35098F00001637 /* Preview Assets.xcassets in Resources */ = {isa = PBXBuildFile; fileRef = 23C7ECE32C35098F00001637 /* Preview Assets.xcassets */; };
		23C7ECED2C35130D00001637 /* Constants.swift in Sources */ = {isa = PBXBuildFile; fileRef = 23BF8CB52C2D17D800C40157 /* Constants.swift */; };
		23C7ECEE2C35131000001637 /* Reward.swift in Sources */ = {isa = PBXBuildFile; fileRef = 23B80C222C2FAA360031B115 /* Reward.swift */; };
		23C7ECF22C3CC8E900001637 /* RewardListView.swift in Sources */ = {isa = PBXBuildFile; fileRef = 23C7ECF12C3CC8E900001637 /* RewardListView.swift */; };
		23C7ECF32C3CD2DC00001637 /* Alert.swift in Sources */ = {isa = PBXBuildFile; fileRef = 23BF8CB12C2D16B800C40157 /* Alert.swift */; };
		23C7ECF42C3CD5F800001637 /* DebugView.swift in Sources */ = {isa = PBXBuildFile; fileRef = 23BF8CB32C2D173400C40157 /* DebugView.swift */; };
		23C7ECF72C403CFB00001637 /* OpenAppIntent.swift in Sources */ = {isa = PBXBuildFile; fileRef = 23C7ECF62C403CFB00001637 /* OpenAppIntent.swift */; };
		23C7ECF92C403D5B00001637 /* ObeyShortcuts.swift in Sources */ = {isa = PBXBuildFile; fileRef = 23C7ECF82C403D5B00001637 /* ObeyShortcuts.swift */; };
		23C7ECFB2C4044C900001637 /* RollForRewardIntent.swift in Sources */ = {isa = PBXBuildFile; fileRef = 23C7ECFA2C4044C900001637 /* RollForRewardIntent.swift */; };
		23C7ECFD2C4045A200001637 /* RewardEntity.swift in Sources */ = {isa = PBXBuildFile; fileRef = 23C7ECFC2C4045A200001637 /* RewardEntity.swift */; };
		23C7ECFF2C40463C00001637 /* RewardQuery.swift in Sources */ = {isa = PBXBuildFile; fileRef = 23C7ECFE2C40463C00001637 /* RewardQuery.swift */; };
		23C7ED012C40495F00001637 /* Roll.swift in Sources */ = {isa = PBXBuildFile; fileRef = 23C7ED002C40495F00001637 /* Roll.swift */; };
		23C7ED032C40525000001637 /* Roll.swift in Sources */ = {isa = PBXBuildFile; fileRef = 23C7ED002C40495F00001637 /* Roll.swift */; };
		23C7ED052C41BDAE00001637 /* HorizontalRewardList.swift in Sources */ = {isa = PBXBuildFile; fileRef = 23C7ED042C41BDAE00001637 /* HorizontalRewardList.swift */; };
		23C7ED062C41BF7400001637 /* HorizontalRewardList.swift in Sources */ = {isa = PBXBuildFile; fileRef = 23C7ED042C41BDAE00001637 /* HorizontalRewardList.swift */; };
		23CC5F212C41D2C10018A724 /* Smart Choices.app in Embed Watch Content */ = {isa = PBXBuildFile; fileRef = 23C7ECDA2C35098D00001637 /* Smart Choices.app */; settings = {ATTRIBUTES = (RemoveHeadersOnCopy, ); }; };
		23CC5F282C509F580018A724 /* Database.swift in Sources */ = {isa = PBXBuildFile; fileRef = 23CC5F272C509F580018A724 /* Database.swift */; };
		23CC5F2A2C509F8B0018A724 /* SwiftDatabase.swift in Sources */ = {isa = PBXBuildFile; fileRef = 23CC5F292C509F8B0018A724 /* SwiftDatabase.swift */; };
		23CC5F2C2C509FDE0018A724 /* SDReward.swift in Sources */ = {isa = PBXBuildFile; fileRef = 23CC5F2B2C509FDE0018A724 /* SDReward.swift */; };
		23CC5F2E2C50A10B0018A724 /* RewardDatabase.swift in Sources */ = {isa = PBXBuildFile; fileRef = 23CC5F2D2C50A10B0018A724 /* RewardDatabase.swift */; };
		23CC5F2F2C50A3F60018A724 /* SDReward.swift in Sources */ = {isa = PBXBuildFile; fileRef = 23CC5F2B2C509FDE0018A724 /* SDReward.swift */; };
		23CC5F302C50A3F90018A724 /* Database.swift in Sources */ = {isa = PBXBuildFile; fileRef = 23CC5F272C509F580018A724 /* Database.swift */; };
		23CC5F312C50A3FB0018A724 /* SwiftDatabase.swift in Sources */ = {isa = PBXBuildFile; fileRef = 23CC5F292C509F8B0018A724 /* SwiftDatabase.swift */; };
		23CC5F322C50A3FC0018A724 /* RewardDatabase.swift in Sources */ = {isa = PBXBuildFile; fileRef = 23CC5F2D2C50A10B0018A724 /* RewardDatabase.swift */; };
/* End PBXBuildFile section */

/* Begin PBXContainerItemProxy section */
		23C436232CC372AD00E21137 /* PBXContainerItemProxy */ = {
			isa = PBXContainerItemProxy;
			containerPortal = 23BF8C912C2D05BB00C40157 /* Project object */;
			proxyType = 1;
			remoteGlobalIDString = 23BF8C982C2D05BB00C40157;
			remoteInfo = obey;
		};
		23C7ECE52C35098F00001637 /* PBXContainerItemProxy */ = {
			isa = PBXContainerItemProxy;
			containerPortal = 23BF8C912C2D05BB00C40157 /* Project object */;
			proxyType = 1;
			remoteGlobalIDString = 23C7ECD92C35098D00001637;
			remoteInfo = "obeyWatch Watch App";
		};
		23CC5F222C41D2C10018A724 /* PBXContainerItemProxy */ = {
			isa = PBXContainerItemProxy;
			containerPortal = 23BF8C912C2D05BB00C40157 /* Project object */;
			proxyType = 1;
			remoteGlobalIDString = 23C7ECD92C35098D00001637;
			remoteInfo = "obeyWatch Watch App";
		};
/* End PBXContainerItemProxy section */

/* Begin PBXCopyFilesBuildPhase section */
		23CC5F242C41D2C10018A724 /* Embed Watch Content */ = {
			isa = PBXCopyFilesBuildPhase;
			buildActionMask = 2147483647;
			dstPath = "$(CONTENTS_FOLDER_PATH)/Watch";
			dstSubfolderSpec = 16;
			files = (
				23CC5F212C41D2C10018A724 /* Smart Choices.app in Embed Watch Content */,
			);
			name = "Embed Watch Content";
			runOnlyForDeploymentPostprocessing = 0;
		};
/* End PBXCopyFilesBuildPhase section */

/* Begin PBXFileReference section */
		23077F612C72A4E1000D131F /* Icon.swift */ = {isa = PBXFileReference; lastKnownFileType = sourcecode.swift; name = Icon.swift; path = obey/Model/Icon.swift; sourceTree = SOURCE_ROOT; };
		23077F632C72A501000D131F /* IconView.swift */ = {isa = PBXFileReference; lastKnownFileType = sourcecode.swift; path = IconView.swift; sourceTree = "<group>"; };
		23077F652C7D7309000D131F /* MenuView.swift */ = {isa = PBXFileReference; lastKnownFileType = sourcecode.swift; path = MenuView.swift; sourceTree = "<group>"; };
		23077F672C7D7BB4000D131F /* obeyWatch-Watch-App-Info.plist */ = {isa = PBXFileReference; lastKnownFileType = text.plist; path = "obeyWatch-Watch-App-Info.plist"; sourceTree = SOURCE_ROOT; };
		23077F6D2C7ED6DC000D131F /* StoreKit.framework */ = {isa = PBXFileReference; lastKnownFileType = wrapper.framework; name = StoreKit.framework; path = System/Library/Frameworks/StoreKit.framework; sourceTree = SDKROOT; };
		23077F6F2C7ED891000D131F /* Secrets.swift */ = {isa = PBXFileReference; lastKnownFileType = sourcecode.swift; path = Secrets.swift; sourceTree = "<group>"; };
		23077F712C7EDD36000D131F /* PurchasesDelegateHandler.swift */ = {isa = PBXFileReference; lastKnownFileType = sourcecode.swift; path = PurchasesDelegateHandler.swift; sourceTree = "<group>"; };
		23077F732C851268000D131F /* UserViewModel.swift */ = {isa = PBXFileReference; lastKnownFileType = sourcecode.swift; path = UserViewModel.swift; sourceTree = "<group>"; };
		23077F752C851CFE000D131F /* Smart Choices.storekit */ = {isa = PBXFileReference; lastKnownFileType = text; path = "Smart Choices.storekit"; sourceTree = "<group>"; };
		23077F782C851DF7000D131F /* StoreKitTestCertificate.cer */ = {isa = PBXFileReference; lastKnownFileType = file; path = StoreKitTestCertificate.cer; sourceTree = "<group>"; };
		23077F7E2C881802000D131F /* SettingsView.swift */ = {isa = PBXFileReference; lastKnownFileType = sourcecode.swift; path = SettingsView.swift; sourceTree = "<group>"; };
		23077F802C883059000D131F /* SDLog.swift */ = {isa = PBXFileReference; lastKnownFileType = sourcecode.swift; path = SDLog.swift; sourceTree = "<group>"; };
		231C72B22C50AFF0000A20D5 /* ManageRewardsView.swift */ = {isa = PBXFileReference; lastKnownFileType = sourcecode.swift; path = ManageRewardsView.swift; sourceTree = "<group>"; };
		231C72B52C50BA6D000A20D5 /* ManageRewardsView.swift */ = {isa = PBXFileReference; lastKnownFileType = sourcecode.swift; path = ManageRewardsView.swift; sourceTree = "<group>"; };
		231C72B72C50BC52000A20D5 /* IconPickerView.swift */ = {isa = PBXFileReference; lastKnownFileType = sourcecode.swift; path = IconPickerView.swift; sourceTree = "<group>"; };
		231C72B92C54513B000A20D5 /* AddEditRewardView.swift */ = {isa = PBXFileReference; lastKnownFileType = sourcecode.swift; path = AddEditRewardView.swift; sourceTree = "<group>"; };
		232AF07D2C9658E40077353B /* StatsView.swift */ = {isa = PBXFileReference; lastKnownFileType = sourcecode.swift; path = StatsView.swift; sourceTree = "<group>"; };
		23357F1C2C915B710000DB7B /* AboutView.swift */ = {isa = PBXFileReference; lastKnownFileType = sourcecode.swift; path = AboutView.swift; sourceTree = "<group>"; };
		23729D062DF2B24E007317AA /* UserDatabase.swift */ = {isa = PBXFileReference; lastKnownFileType = sourcecode.swift; path = UserDatabase.swift; sourceTree = "<group>"; };
		23729D092DF2B25D007317AA /* SDUser.swift */ = {isa = PBXFileReference; lastKnownFileType = sourcecode.swift; path = SDUser.swift; sourceTree = "<group>"; };
               23729D0C2DF2B273007317AA /* StandardColor.swift */ = {isa = PBXFileReference; lastKnownFileType = sourcecode.swift; path = StandardColor.swift; sourceTree = "<group>"; };
		2392DD0B2C8BF77300DE3034 /* LogDatabase.swift */ = {isa = PBXFileReference; lastKnownFileType = sourcecode.swift; path = LogDatabase.swift; sourceTree = "<group>"; };
		2392DD0D2C8BFF7A00DE3034 /* LogListView.swift */ = {isa = PBXFileReference; lastKnownFileType = sourcecode.swift; path = LogListView.swift; sourceTree = "<group>"; };
		2392DD0F2C8E956E00DE3034 /* LogEntryView.swift */ = {isa = PBXFileReference; lastKnownFileType = sourcecode.swift; path = LogEntryView.swift; sourceTree = "<group>"; };
		2392DD132C8EB09500DE3034 /* KeyView.swift */ = {isa = PBXFileReference; lastKnownFileType = sourcecode.swift; path = KeyView.swift; sourceTree = "<group>"; };
		2392DD162C8EB10700DE3034 /* BadgeLabel.swift */ = {isa = PBXFileReference; lastKnownFileType = sourcecode.swift; path = BadgeLabel.swift; sourceTree = "<group>"; };
		23AB23CD2DF67CBA00BB4589 /* AddEditUserView.swift */ = {isa = PBXFileReference; lastKnownFileType = sourcecode.swift; path = AddEditUserView.swift; sourceTree = "<group>"; };
		23AB23CE2DF67CBA00BB4589 /* ManageUsersView.swift */ = {isa = PBXFileReference; lastKnownFileType = sourcecode.swift; path = ManageUsersView.swift; sourceTree = "<group>"; };
		23AB23DC2DFD100800BB4589 /* SelectedUserManager.swift */ = {isa = PBXFileReference; lastKnownFileType = sourcecode.swift; path = SelectedUserManager.swift; sourceTree = "<group>"; };
		23AB23DF2DFE1E9400BB4589 /* ThemeColorKey.swift */ = {isa = PBXFileReference; lastKnownFileType = sourcecode.swift; path = ThemeColorKey.swift; sourceTree = "<group>"; };
		23AB23E42DFE5C3600BB4589 /* MultiUserMigrationView.swift */ = {isa = PBXFileReference; lastKnownFileType = sourcecode.swift; path = MultiUserMigrationView.swift; sourceTree = "<group>"; };
		23B80C202C2FA9CE0031B115 /* RewardListView.swift */ = {isa = PBXFileReference; lastKnownFileType = sourcecode.swift; path = RewardListView.swift; sourceTree = "<group>"; };
		23B80C222C2FAA360031B115 /* Reward.swift */ = {isa = PBXFileReference; lastKnownFileType = sourcecode.swift; path = Reward.swift; sourceTree = "<group>"; };
		23B80C272C2FBE490031B115 /* Info.plist */ = {isa = PBXFileReference; lastKnownFileType = text.plist; path = Info.plist; sourceTree = "<group>"; };
		23BF8C992C2D05BB00C40157 /* obey.app */ = {isa = PBXFileReference; explicitFileType = wrapper.application; includeInIndex = 0; path = obey.app; sourceTree = BUILT_PRODUCTS_DIR; };
		23BF8C9C2C2D05BB00C40157 /* obeyApp.swift */ = {isa = PBXFileReference; lastKnownFileType = sourcecode.swift; path = obeyApp.swift; sourceTree = "<group>"; };
		23BF8C9E2C2D05BB00C40157 /* ContentView.swift */ = {isa = PBXFileReference; lastKnownFileType = sourcecode.swift; path = ContentView.swift; sourceTree = "<group>"; };
		23BF8CA22C2D05BD00C40157 /* Assets.xcassets */ = {isa = PBXFileReference; lastKnownFileType = folder.assetcatalog; path = Assets.xcassets; sourceTree = "<group>"; };
		23BF8CA42C2D05BD00C40157 /* obey.entitlements */ = {isa = PBXFileReference; lastKnownFileType = text.plist.entitlements; path = obey.entitlements; sourceTree = "<group>"; };
		23BF8CA62C2D05BD00C40157 /* Preview Assets.xcassets */ = {isa = PBXFileReference; lastKnownFileType = folder.assetcatalog; path = "Preview Assets.xcassets"; sourceTree = "<group>"; };
		23BF8CAD2C2D12D500C40157 /* SCButtonStyle.swift */ = {isa = PBXFileReference; lastKnownFileType = sourcecode.swift; path = SCButtonStyle.swift; sourceTree = "<group>"; };
		23BF8CAF2C2D130400C40157 /* DeviceShakeViewModifier.swift */ = {isa = PBXFileReference; lastKnownFileType = sourcecode.swift; path = DeviceShakeViewModifier.swift; sourceTree = "<group>"; };
		23BF8CB12C2D16B800C40157 /* Alert.swift */ = {isa = PBXFileReference; lastKnownFileType = sourcecode.swift; path = Alert.swift; sourceTree = "<group>"; };
		23BF8CB32C2D173400C40157 /* DebugView.swift */ = {isa = PBXFileReference; lastKnownFileType = sourcecode.swift; path = DebugView.swift; sourceTree = "<group>"; };
		23BF8CB52C2D17D800C40157 /* Constants.swift */ = {isa = PBXFileReference; lastKnownFileType = sourcecode.swift; path = Constants.swift; sourceTree = "<group>"; };
		23C435D32C97EB3200E21137 /* LogRewardTip.swift */ = {isa = PBXFileReference; lastKnownFileType = sourcecode.swift; path = LogRewardTip.swift; sourceTree = "<group>"; };
		23C435D72C97EE7400E21137 /* ManageRewardsSwipeActionsTip.swift */ = {isa = PBXFileReference; lastKnownFileType = sourcecode.swift; path = ManageRewardsSwipeActionsTip.swift; sourceTree = "<group>"; };
		23C435DA2C97F1E900E21137 /* OpenSettingsTip.swift */ = {isa = PBXFileReference; lastKnownFileType = sourcecode.swift; path = OpenSettingsTip.swift; sourceTree = "<group>"; };
		23C435DD2C97F33C00E21137 /* BigButtonTip.swift */ = {isa = PBXFileReference; lastKnownFileType = sourcecode.swift; path = BigButtonTip.swift; sourceTree = "<group>"; };
		23C4360C2CC0B2A600E21137 /* LastStat.swift */ = {isa = PBXFileReference; lastKnownFileType = sourcecode.swift; path = LastStat.swift; sourceTree = "<group>"; };
		23C436122CC0BFBC00E21137 /* ObeyRecap.swift */ = {isa = PBXFileReference; lastKnownFileType = sourcecode.swift; path = ObeyRecap.swift; sourceTree = "<group>"; };
		23C436142CC0C00C00E21137 /* Releases.md */ = {isa = PBXFileReference; lastKnownFileType = net.daringfireball.markdown; path = Releases.md; sourceTree = "<group>"; };
		23C436162CC362F000E21137 /* Intro.md */ = {isa = PBXFileReference; lastKnownFileType = net.daringfireball.markdown; path = Intro.md; sourceTree = "<group>"; };
		23C4361F2CC372AD00E21137 /* ObeyTests.xctest */ = {isa = PBXFileReference; explicitFileType = wrapper.cfbundle; includeInIndex = 0; path = ObeyTests.xctest; sourceTree = BUILT_PRODUCTS_DIR; };
		23C7ECDA2C35098D00001637 /* Smart Choices.app */ = {isa = PBXFileReference; explicitFileType = wrapper.application; includeInIndex = 0; path = "Smart Choices.app"; sourceTree = BUILT_PRODUCTS_DIR; };
		23C7ECDC2C35098D00001637 /* obeyWatchApp.swift */ = {isa = PBXFileReference; lastKnownFileType = sourcecode.swift; path = obeyWatchApp.swift; sourceTree = "<group>"; };
		23C7ECDE2C35098D00001637 /* ContentView.swift */ = {isa = PBXFileReference; lastKnownFileType = sourcecode.swift; path = ContentView.swift; sourceTree = "<group>"; };
		23C7ECE02C35098F00001637 /* Assets.xcassets */ = {isa = PBXFileReference; lastKnownFileType = folder.assetcatalog; path = Assets.xcassets; sourceTree = "<group>"; };
		23C7ECE32C35098F00001637 /* Preview Assets.xcassets */ = {isa = PBXFileReference; lastKnownFileType = folder.assetcatalog; path = "Preview Assets.xcassets"; sourceTree = "<group>"; };
		23C7ECF12C3CC8E900001637 /* RewardListView.swift */ = {isa = PBXFileReference; lastKnownFileType = sourcecode.swift; path = RewardListView.swift; sourceTree = "<group>"; };
		23C7ECF62C403CFB00001637 /* OpenAppIntent.swift */ = {isa = PBXFileReference; lastKnownFileType = sourcecode.swift; path = OpenAppIntent.swift; sourceTree = "<group>"; };
		23C7ECF82C403D5B00001637 /* ObeyShortcuts.swift */ = {isa = PBXFileReference; lastKnownFileType = sourcecode.swift; path = ObeyShortcuts.swift; sourceTree = "<group>"; };
		23C7ECFA2C4044C900001637 /* RollForRewardIntent.swift */ = {isa = PBXFileReference; lastKnownFileType = sourcecode.swift; path = RollForRewardIntent.swift; sourceTree = "<group>"; };
		23C7ECFC2C4045A200001637 /* RewardEntity.swift */ = {isa = PBXFileReference; lastKnownFileType = sourcecode.swift; path = RewardEntity.swift; sourceTree = "<group>"; };
		23C7ECFE2C40463C00001637 /* RewardQuery.swift */ = {isa = PBXFileReference; lastKnownFileType = sourcecode.swift; path = RewardQuery.swift; sourceTree = "<group>"; };
		23C7ED002C40495F00001637 /* Roll.swift */ = {isa = PBXFileReference; lastKnownFileType = sourcecode.swift; path = Roll.swift; sourceTree = "<group>"; };
		23C7ED022C40501F00001637 /* obeyWatch Watch App.entitlements */ = {isa = PBXFileReference; lastKnownFileType = text.plist.entitlements; path = "obeyWatch Watch App.entitlements"; sourceTree = "<group>"; };
		23C7ED042C41BDAE00001637 /* HorizontalRewardList.swift */ = {isa = PBXFileReference; lastKnownFileType = sourcecode.swift; path = HorizontalRewardList.swift; sourceTree = "<group>"; };
		23CC5F272C509F580018A724 /* Database.swift */ = {isa = PBXFileReference; lastKnownFileType = sourcecode.swift; path = Database.swift; sourceTree = "<group>"; };
		23CC5F292C509F8B0018A724 /* SwiftDatabase.swift */ = {isa = PBXFileReference; lastKnownFileType = sourcecode.swift; path = SwiftDatabase.swift; sourceTree = "<group>"; };
		23CC5F2B2C509FDE0018A724 /* SDReward.swift */ = {isa = PBXFileReference; lastKnownFileType = sourcecode.swift; path = SDReward.swift; sourceTree = "<group>"; };
		23CC5F2D2C50A10B0018A724 /* RewardDatabase.swift */ = {isa = PBXFileReference; lastKnownFileType = sourcecode.swift; path = RewardDatabase.swift; sourceTree = "<group>"; };
/* End PBXFileReference section */

/* Begin PBXFileSystemSynchronizedRootGroup section */
		23C436202CC372AD00E21137 /* ObeyTests */ = {isa = PBXFileSystemSynchronizedRootGroup; explicitFileTypes = {}; explicitFolders = (); path = ObeyTests; sourceTree = "<group>"; };
/* End PBXFileSystemSynchronizedRootGroup section */

/* Begin PBXFrameworksBuildPhase section */
		23BF8C962C2D05BB00C40157 /* Frameworks */ = {
			isa = PBXFrameworksBuildPhase;
			buildActionMask = 2147483647;
			files = (
				23077F6A2C7ED6B8000D131F /* RevenueCat in Frameworks */,
				23C436112CC0BF3700E21137 /* Recap in Frameworks */,
				23B80C262C2FB7810031B115 /* ConfettiSwiftUI in Frameworks */,
				23077F6C2C7ED6B8000D131F /* RevenueCatUI in Frameworks */,
				23077F6E2C7ED6DC000D131F /* StoreKit.framework in Frameworks */,
			);
			runOnlyForDeploymentPostprocessing = 0;
		};
		23C4361C2CC372AD00E21137 /* Frameworks */ = {
			isa = PBXFrameworksBuildPhase;
			buildActionMask = 2147483647;
			files = (
			);
			runOnlyForDeploymentPostprocessing = 0;
		};
		23C7ECD72C35098D00001637 /* Frameworks */ = {
			isa = PBXFrameworksBuildPhase;
			buildActionMask = 2147483647;
			files = (
			);
			runOnlyForDeploymentPostprocessing = 0;
		};
/* End PBXFrameworksBuildPhase section */

/* Begin PBXGroup section */
		232AF07C2C9507CE0077353B /* Settings */ = {
			isa = PBXGroup;
			children = (
				23357F1C2C915B710000DB7B /* AboutView.swift */,
				231C72B92C54513B000A20D5 /* AddEditRewardView.swift */,
				23AB23CD2DF67CBA00BB4589 /* AddEditUserView.swift */,
				231C72B72C50BC52000A20D5 /* IconPickerView.swift */,
				2392DD0D2C8BFF7A00DE3034 /* LogListView.swift */,
				231C72B22C50AFF0000A20D5 /* ManageRewardsView.swift */,
				23AB23CE2DF67CBA00BB4589 /* ManageUsersView.swift */,
				23077F7E2C881802000D131F /* SettingsView.swift */,
				232AF07D2C9658E40077353B /* StatsView.swift */,
			);
			path = Settings;
			sourceTree = "<group>";
		};
		23BF8C902C2D05BB00C40157 = {
			isa = PBXGroup;
			children = (
				23077F752C851CFE000D131F /* Smart Choices.storekit */,
				23077F782C851DF7000D131F /* StoreKitTestCertificate.cer */,
				23BF8C9B2C2D05BB00C40157 /* obey */,
				23C7ECDB2C35098D00001637 /* obeyWatch Watch App */,
				23C436202CC372AD00E21137 /* ObeyTests */,
				23BF8C9A2C2D05BB00C40157 /* Products */,
				23CC5F202C41D2C10018A724 /* Frameworks */,
			);
			sourceTree = "<group>";
		};
		23BF8C9A2C2D05BB00C40157 /* Products */ = {
			isa = PBXGroup;
			children = (
				23BF8C992C2D05BB00C40157 /* obey.app */,
				23C7ECDA2C35098D00001637 /* Smart Choices.app */,
				23C4361F2CC372AD00E21137 /* ObeyTests.xctest */,
			);
			name = Products;
			sourceTree = "<group>";
		};
		23BF8C9B2C2D05BB00C40157 /* obey */ = {
			isa = PBXGroup;
			children = (
				23C436142CC0C00C00E21137 /* Releases.md */,
				23C436162CC362F000E21137 /* Intro.md */,
				23BF8CA22C2D05BD00C40157 /* Assets.xcassets */,
				23B80C272C2FBE490031B115 /* Info.plist */,
				23BF8CA42C2D05BD00C40157 /* obey.entitlements */,
				23BF8CB92C2D188C00C40157 /* Helpers */,
				23C7ECF52C403CD400001637 /* Intents */,
				23BF8CB72C2D186C00C40157 /* Views */,
				23BF8CB82C2D187E00C40157 /* Model */,
				23BF8CA52C2D05BD00C40157 /* Preview Content */,
			);
			path = obey;
			sourceTree = "<group>";
		};
		23BF8CA52C2D05BD00C40157 /* Preview Content */ = {
			isa = PBXGroup;
			children = (
				23BF8CA62C2D05BD00C40157 /* Preview Assets.xcassets */,
			);
			path = "Preview Content";
			sourceTree = "<group>";
		};
		23BF8CB72C2D186C00C40157 /* Views */ = {
			isa = PBXGroup;
			children = (
				2392DD162C8EB10700DE3034 /* BadgeLabel.swift */,
				23BF8C9E2C2D05BB00C40157 /* ContentView.swift */,
				23BF8CB32C2D173400C40157 /* DebugView.swift */,
				23C7ED042C41BDAE00001637 /* HorizontalRewardList.swift */,
				23077F612C72A4E1000D131F /* Icon.swift */,
				23077F632C72A501000D131F /* IconView.swift */,
				2392DD132C8EB09500DE3034 /* KeyView.swift */,
				2392DD0F2C8E956E00DE3034 /* LogEntryView.swift */,
				23077F652C7D7309000D131F /* MenuView.swift */,
				23AB23E42DFE5C3600BB4589 /* MultiUserMigrationView.swift */,
				23BF8C9C2C2D05BB00C40157 /* obeyApp.swift */,
				23C436122CC0BFBC00E21137 /* ObeyRecap.swift */,
				23B80C202C2FA9CE0031B115 /* RewardListView.swift */,
				232AF07C2C9507CE0077353B /* Settings */,
			);
			path = Views;
			sourceTree = "<group>";
		};
		23BF8CB82C2D187E00C40157 /* Model */ = {
			isa = PBXGroup;
			children = (
				23BF8CB12C2D16B800C40157 /* Alert.swift */,
                               23729D0C2DF2B273007317AA /* StandardColor.swift */,
				23BF8CB52C2D17D800C40157 /* Constants.swift */,
				23CC5F262C509F4D0018A724 /* DB */,
				23C4360C2CC0B2A600E21137 /* LastStat.swift */,
				23B80C222C2FAA360031B115 /* Reward.swift */,
				23077F802C883059000D131F /* SDLog.swift */,
				23CC5F2B2C509FDE0018A724 /* SDReward.swift */,
				23729D092DF2B25D007317AA /* SDUser.swift */,
				23077F6F2C7ED891000D131F /* Secrets.swift */,
				23AB23DC2DFD100800BB4589 /* SelectedUserManager.swift */,
				23C435D62C97EB3A00E21137 /* Tips */,
				23077F732C851268000D131F /* UserViewModel.swift */,
			);
			path = Model;
			sourceTree = "<group>";
		};
		23BF8CB92C2D188C00C40157 /* Helpers */ = {
			isa = PBXGroup;
			children = (
				23BF8CAF2C2D130400C40157 /* DeviceShakeViewModifier.swift */,
				23077F712C7EDD36000D131F /* PurchasesDelegateHandler.swift */,
				23C7ED002C40495F00001637 /* Roll.swift */,
				23BF8CAD2C2D12D500C40157 /* SCButtonStyle.swift */,
				23AB23DF2DFE1E9400BB4589 /* ThemeColorKey.swift */,
			);
			path = Helpers;
			sourceTree = "<group>";
		};
		23C435D62C97EB3A00E21137 /* Tips */ = {
			isa = PBXGroup;
			children = (
				23C435DD2C97F33C00E21137 /* BigButtonTip.swift */,
				23C435D32C97EB3200E21137 /* LogRewardTip.swift */,
				23C435D72C97EE7400E21137 /* ManageRewardsSwipeActionsTip.swift */,
				23C435DA2C97F1E900E21137 /* OpenSettingsTip.swift */,
			);
			path = Tips;
			sourceTree = "<group>";
		};
		23C7ECDB2C35098D00001637 /* obeyWatch Watch App */ = {
			isa = PBXGroup;
			children = (
				23077F672C7D7BB4000D131F /* obeyWatch-Watch-App-Info.plist */,
				23C7ED022C40501F00001637 /* obeyWatch Watch App.entitlements */,
				23C7ECDC2C35098D00001637 /* obeyWatchApp.swift */,
				23C7ECDE2C35098D00001637 /* ContentView.swift */,
				23C7ECF12C3CC8E900001637 /* RewardListView.swift */,
				231C72B52C50BA6D000A20D5 /* ManageRewardsView.swift */,
				23C7ECE02C35098F00001637 /* Assets.xcassets */,
				23C7ECE22C35098F00001637 /* Preview Content */,
			);
			path = "obeyWatch Watch App";
			sourceTree = "<group>";
		};
		23C7ECE22C35098F00001637 /* Preview Content */ = {
			isa = PBXGroup;
			children = (
				23C7ECE32C35098F00001637 /* Preview Assets.xcassets */,
			);
			path = "Preview Content";
			sourceTree = "<group>";
		};
		23C7ECF52C403CD400001637 /* Intents */ = {
			isa = PBXGroup;
			children = (
				23C7ECF82C403D5B00001637 /* ObeyShortcuts.swift */,
				23C7ECF62C403CFB00001637 /* OpenAppIntent.swift */,
				23C7ECFC2C4045A200001637 /* RewardEntity.swift */,
				23C7ECFE2C40463C00001637 /* RewardQuery.swift */,
				23C7ECFA2C4044C900001637 /* RollForRewardIntent.swift */,
			);
			path = Intents;
			sourceTree = "<group>";
		};
		23CC5F202C41D2C10018A724 /* Frameworks */ = {
			isa = PBXGroup;
			children = (
				23077F6D2C7ED6DC000D131F /* StoreKit.framework */,
			);
			name = Frameworks;
			sourceTree = "<group>";
		};
		23CC5F262C509F4D0018A724 /* DB */ = {
			isa = PBXGroup;
			children = (
				23CC5F272C509F580018A724 /* Database.swift */,
				2392DD0B2C8BF77300DE3034 /* LogDatabase.swift */,
				23CC5F2D2C50A10B0018A724 /* RewardDatabase.swift */,
				23CC5F292C509F8B0018A724 /* SwiftDatabase.swift */,
				23729D062DF2B24E007317AA /* UserDatabase.swift */,
			);
			path = DB;
			sourceTree = "<group>";
		};
/* End PBXGroup section */

/* Begin PBXNativeTarget section */
		23BF8C982C2D05BB00C40157 /* obey */ = {
			isa = PBXNativeTarget;
			buildConfigurationList = 23BF8CAA2C2D05BD00C40157 /* Build configuration list for PBXNativeTarget "obey" */;
			buildPhases = (
				23BF8C952C2D05BB00C40157 /* Sources */,
				23BF8C962C2D05BB00C40157 /* Frameworks */,
				23BF8C972C2D05BB00C40157 /* Resources */,
				23CC5F242C41D2C10018A724 /* Embed Watch Content */,
			);
			buildRules = (
			);
			dependencies = (
				23C7ECE62C35098F00001637 /* PBXTargetDependency */,
				23CC5F232C41D2C10018A724 /* PBXTargetDependency */,
			);
			name = obey;
			packageProductDependencies = (
				23B80C252C2FB7810031B115 /* ConfettiSwiftUI */,
				23077F692C7ED6B8000D131F /* RevenueCat */,
				23077F6B2C7ED6B8000D131F /* RevenueCatUI */,
				23C436102CC0BF3700E21137 /* Recap */,
			);
			productName = obey;
			productReference = 23BF8C992C2D05BB00C40157 /* obey.app */;
			productType = "com.apple.product-type.application";
		};
		23C4361E2CC372AD00E21137 /* ObeyTests */ = {
			isa = PBXNativeTarget;
			buildConfigurationList = 23C436252CC372AD00E21137 /* Build configuration list for PBXNativeTarget "ObeyTests" */;
			buildPhases = (
				23C4361B2CC372AD00E21137 /* Sources */,
				23C4361C2CC372AD00E21137 /* Frameworks */,
				23C4361D2CC372AD00E21137 /* Resources */,
			);
			buildRules = (
			);
			dependencies = (
				23C436242CC372AD00E21137 /* PBXTargetDependency */,
			);
			fileSystemSynchronizedGroups = (
				23C436202CC372AD00E21137 /* ObeyTests */,
			);
			name = ObeyTests;
			packageProductDependencies = (
			);
			productName = ObeyTests;
			productReference = 23C4361F2CC372AD00E21137 /* ObeyTests.xctest */;
			productType = "com.apple.product-type.bundle.unit-test";
		};
		23C7ECD92C35098D00001637 /* obeyWatch Watch App */ = {
			isa = PBXNativeTarget;
			buildConfigurationList = 23C7ECEB2C35098F00001637 /* Build configuration list for PBXNativeTarget "obeyWatch Watch App" */;
			buildPhases = (
				23C7ECD62C35098D00001637 /* Sources */,
				23C7ECD72C35098D00001637 /* Frameworks */,
				23C7ECD82C35098D00001637 /* Resources */,
			);
			buildRules = (
			);
			dependencies = (
			);
			name = "obeyWatch Watch App";
			productName = "obeyWatch Watch App";
			productReference = 23C7ECDA2C35098D00001637 /* Smart Choices.app */;
			productType = "com.apple.product-type.application";
		};
/* End PBXNativeTarget section */

/* Begin PBXProject section */
		23BF8C912C2D05BB00C40157 /* Project object */ = {
			isa = PBXProject;
			attributes = {
				BuildIndependentTargetsInParallel = 1;
				LastSwiftUpdateCheck = 1600;
				LastUpgradeCheck = 1540;
				TargetAttributes = {
					23BF8C982C2D05BB00C40157 = {
						CreatedOnToolsVersion = 15.4;
					};
					23C4361E2CC372AD00E21137 = {
						CreatedOnToolsVersion = 16.0;
						TestTargetID = 23BF8C982C2D05BB00C40157;
					};
					23C7ECD92C35098D00001637 = {
						CreatedOnToolsVersion = 15.4;
					};
				};
			};
			buildConfigurationList = 23BF8C942C2D05BB00C40157 /* Build configuration list for PBXProject "obey" */;
			compatibilityVersion = "Xcode 14.0";
			developmentRegion = en;
			hasScannedForEncodings = 0;
			knownRegions = (
				en,
				Base,
			);
			mainGroup = 23BF8C902C2D05BB00C40157;
			packageReferences = (
				23B80C242C2FB7810031B115 /* XCRemoteSwiftPackageReference "ConfettiSwiftUI" */,
				23077F682C7ED6B8000D131F /* XCRemoteSwiftPackageReference "purchases-ios-spm" */,
				23C4360F2CC0BF3700E21137 /* XCRemoteSwiftPackageReference "Recap" */,
			);
			productRefGroup = 23BF8C9A2C2D05BB00C40157 /* Products */;
			projectDirPath = "";
			projectRoot = "";
			targets = (
				23BF8C982C2D05BB00C40157 /* obey */,
				23C7ECD92C35098D00001637 /* obeyWatch Watch App */,
				23C4361E2CC372AD00E21137 /* ObeyTests */,
			);
		};
/* End PBXProject section */

/* Begin PBXResourcesBuildPhase section */
		23BF8C972C2D05BB00C40157 /* Resources */ = {
			isa = PBXResourcesBuildPhase;
			buildActionMask = 2147483647;
			files = (
				23077F762C851CFE000D131F /* Smart Choices.storekit in Resources */,
				23C436172CC362F000E21137 /* Intro.md in Resources */,
				23C436152CC0C01300E21137 /* Releases.md in Resources */,
				23BF8CA72C2D05BD00C40157 /* Preview Assets.xcassets in Resources */,
				23BF8CA32C2D05BD00C40157 /* Assets.xcassets in Resources */,
				23077F792C851DF7000D131F /* StoreKitTestCertificate.cer in Resources */,
			);
			runOnlyForDeploymentPostprocessing = 0;
		};
		23C4361D2CC372AD00E21137 /* Resources */ = {
			isa = PBXResourcesBuildPhase;
			buildActionMask = 2147483647;
			files = (
			);
			runOnlyForDeploymentPostprocessing = 0;
		};
		23C7ECD82C35098D00001637 /* Resources */ = {
			isa = PBXResourcesBuildPhase;
			buildActionMask = 2147483647;
			files = (
				23077F772C851CFE000D131F /* Smart Choices.storekit in Resources */,
				23C7ECE42C35098F00001637 /* Preview Assets.xcassets in Resources */,
				23C7ECE12C35098F00001637 /* Assets.xcassets in Resources */,
				23077F7A2C851DF7000D131F /* StoreKitTestCertificate.cer in Resources */,
			);
			runOnlyForDeploymentPostprocessing = 0;
		};
/* End PBXResourcesBuildPhase section */

/* Begin PBXSourcesBuildPhase section */
		23BF8C952C2D05BB00C40157 /* Sources */ = {
			isa = PBXSourcesBuildPhase;
			buildActionMask = 2147483647;
			files = (
                               23729D0D2DF2B273007317AA /* StandardColor.swift in Sources */,
				23C436132CC0BFBC00E21137 /* ObeyRecap.swift in Sources */,
				231C72BA2C54513B000A20D5 /* AddEditRewardView.swift in Sources */,
				23C435DB2C97F1E900E21137 /* OpenSettingsTip.swift in Sources */,
				23077F742C851268000D131F /* UserViewModel.swift in Sources */,
				23BF8CB42C2D173400C40157 /* DebugView.swift in Sources */,
				23AB23E52DFE5C3600BB4589 /* MultiUserMigrationView.swift in Sources */,
				2392DD0C2C8BF77300DE3034 /* LogDatabase.swift in Sources */,
				23C435D82C97EE7400E21137 /* ManageRewardsSwipeActionsTip.swift in Sources */,
				23B80C232C2FAA360031B115 /* Reward.swift in Sources */,
				23CC5F2A2C509F8B0018A724 /* SwiftDatabase.swift in Sources */,
				23BF8C9F2C2D05BB00C40157 /* ContentView.swift in Sources */,
				23AB23E12DFE1E9400BB4589 /* ThemeColorKey.swift in Sources */,
				23BF8C9D2C2D05BB00C40157 /* obeyApp.swift in Sources */,
				23077F622C72A4E1000D131F /* Icon.swift in Sources */,
				23077F662C7D7309000D131F /* MenuView.swift in Sources */,
				2392DD0E2C8BFF7A00DE3034 /* LogListView.swift in Sources */,
				23AB23CF2DF67CBB00BB4589 /* ManageUsersView.swift in Sources */,
				23AB23D02DF67CBB00BB4589 /* AddEditUserView.swift in Sources */,
				23C7ED052C41BDAE00001637 /* HorizontalRewardList.swift in Sources */,
				23C7ECFD2C4045A200001637 /* RewardEntity.swift in Sources */,
				23C7ECFF2C40463C00001637 /* RewardQuery.swift in Sources */,
				23729D0B2DF2B25D007317AA /* SDUser.swift in Sources */,
				232AF07E2C9658E40077353B /* StatsView.swift in Sources */,
				23B80C212C2FA9CE0031B115 /* RewardListView.swift in Sources */,
				23CC5F2E2C50A10B0018A724 /* RewardDatabase.swift in Sources */,
				23C7ECF92C403D5B00001637 /* ObeyShortcuts.swift in Sources */,
				2392DD142C8EB09500DE3034 /* KeyView.swift in Sources */,
				23C4360E2CC0B2A600E21137 /* LastStat.swift in Sources */,
				2392DD172C8EB10700DE3034 /* BadgeLabel.swift in Sources */,
				23077F7F2C881802000D131F /* SettingsView.swift in Sources */,
				23C435D42C97EB3200E21137 /* LogRewardTip.swift in Sources */,
				23C435DE2C97F33C00E21137 /* BigButtonTip.swift in Sources */,
				23CC5F2C2C509FDE0018A724 /* SDReward.swift in Sources */,
				23C7ECF72C403CFB00001637 /* OpenAppIntent.swift in Sources */,
				23AB23DE2DFD100800BB4589 /* SelectedUserManager.swift in Sources */,
				23729D082DF2B24E007317AA /* UserDatabase.swift in Sources */,
				23077F642C72A501000D131F /* IconView.swift in Sources */,
				231C72B82C50BC52000A20D5 /* IconPickerView.swift in Sources */,
				23C7ECFB2C4044C900001637 /* RollForRewardIntent.swift in Sources */,
				23077F702C7ED891000D131F /* Secrets.swift in Sources */,
				23BF8CB02C2D130400C40157 /* DeviceShakeViewModifier.swift in Sources */,
				23357F1D2C915B710000DB7B /* AboutView.swift in Sources */,
				23BF8CB22C2D16B800C40157 /* Alert.swift in Sources */,
				2392DD102C8E956E00DE3034 /* LogEntryView.swift in Sources */,
				23CC5F282C509F580018A724 /* Database.swift in Sources */,
				23BF8CAE2C2D12D500C40157 /* SCButtonStyle.swift in Sources */,
				23077F812C883059000D131F /* SDLog.swift in Sources */,
				23077F722C7EDD36000D131F /* PurchasesDelegateHandler.swift in Sources */,
				231C72B32C50AFF0000A20D5 /* ManageRewardsView.swift in Sources */,
				23BF8CB62C2D17D800C40157 /* Constants.swift in Sources */,
				23C7ED012C40495F00001637 /* Roll.swift in Sources */,
			);
			runOnlyForDeploymentPostprocessing = 0;
		};
		23C4361B2CC372AD00E21137 /* Sources */ = {
			isa = PBXSourcesBuildPhase;
			buildActionMask = 2147483647;
			files = (
			);
			runOnlyForDeploymentPostprocessing = 0;
		};
		23C7ECD62C35098D00001637 /* Sources */ = {
			isa = PBXSourcesBuildPhase;
			buildActionMask = 2147483647;
			files = (
				23C435DF2C97F33C00E21137 /* BigButtonTip.swift in Sources */,
				23AB23DD2DFD100800BB4589 /* SelectedUserManager.swift in Sources */,
				23C7ECEE2C35131000001637 /* Reward.swift in Sources */,
				23CC5F302C50A3F90018A724 /* Database.swift in Sources */,
				23C7ECF22C3CC8E900001637 /* RewardListView.swift in Sources */,
				23CC5F322C50A3FC0018A724 /* RewardDatabase.swift in Sources */,
				231C72B62C50BA6D000A20D5 /* ManageRewardsView.swift in Sources */,
				23C7ECDF2C35098D00001637 /* ContentView.swift in Sources */,
				23C435D52C97EB3200E21137 /* LogRewardTip.swift in Sources */,
				23C7ECF42C3CD5F800001637 /* DebugView.swift in Sources */,
				23C7ECDD2C35098D00001637 /* obeyWatchApp.swift in Sources */,
                               23729D0E2DF2B273007317AA /* StandardColor.swift in Sources */,
				23C7ED062C41BF7400001637 /* HorizontalRewardList.swift in Sources */,
				23C7ECF32C3CD2DC00001637 /* Alert.swift in Sources */,
				23CC5F312C50A3FB0018A724 /* SwiftDatabase.swift in Sources */,
				23C435DC2C97F1E900E21137 /* OpenSettingsTip.swift in Sources */,
				2392DD0A2C8BF25B00DE3034 /* SDLog.swift in Sources */,
				2392DD112C8E956E00DE3034 /* LogEntryView.swift in Sources */,
				23CC5F2F2C50A3F60018A724 /* SDReward.swift in Sources */,
				2392DD152C8EB09500DE3034 /* KeyView.swift in Sources */,
				23357F1B2C901F190000DB7B /* LogDatabase.swift in Sources */,
				23C7ED032C40525000001637 /* Roll.swift in Sources */,
				23729D0A2DF2B25D007317AA /* SDUser.swift in Sources */,
				23C7ECED2C35130D00001637 /* Constants.swift in Sources */,
				2392DD122C8E991900DE3034 /* SCButtonStyle.swift in Sources */,
				23C435D92C97EE7400E21137 /* ManageRewardsSwipeActionsTip.swift in Sources */,
				23729D072DF2B24E007317AA /* UserDatabase.swift in Sources */,
				23C4360D2CC0B2A600E21137 /* LastStat.swift in Sources */,
				2392DD182C8EB10700DE3034 /* BadgeLabel.swift in Sources */,
				23AB23E02DFE1E9400BB4589 /* ThemeColorKey.swift in Sources */,
			);
			runOnlyForDeploymentPostprocessing = 0;
		};
/* End PBXSourcesBuildPhase section */

/* Begin PBXTargetDependency section */
		23C436242CC372AD00E21137 /* PBXTargetDependency */ = {
			isa = PBXTargetDependency;
			target = 23BF8C982C2D05BB00C40157 /* obey */;
			targetProxy = 23C436232CC372AD00E21137 /* PBXContainerItemProxy */;
		};
		23C7ECE62C35098F00001637 /* PBXTargetDependency */ = {
			isa = PBXTargetDependency;
			target = 23C7ECD92C35098D00001637 /* obeyWatch Watch App */;
			targetProxy = 23C7ECE52C35098F00001637 /* PBXContainerItemProxy */;
		};
		23CC5F232C41D2C10018A724 /* PBXTargetDependency */ = {
			isa = PBXTargetDependency;
			target = 23C7ECD92C35098D00001637 /* obeyWatch Watch App */;
			targetProxy = 23CC5F222C41D2C10018A724 /* PBXContainerItemProxy */;
		};
/* End PBXTargetDependency section */

/* Begin XCBuildConfiguration section */
		23BF8CA82C2D05BD00C40157 /* Debug */ = {
			isa = XCBuildConfiguration;
			buildSettings = {
				ALWAYS_SEARCH_USER_PATHS = NO;
				ASSETCATALOG_COMPILER_GENERATE_SWIFT_ASSET_SYMBOL_EXTENSIONS = YES;
				CLANG_ANALYZER_NONNULL = YES;
				CLANG_ANALYZER_NUMBER_OBJECT_CONVERSION = YES_AGGRESSIVE;
				CLANG_CXX_LANGUAGE_STANDARD = "gnu++20";
				CLANG_ENABLE_MODULES = YES;
				CLANG_ENABLE_OBJC_ARC = YES;
				CLANG_ENABLE_OBJC_WEAK = YES;
				CLANG_WARN_BLOCK_CAPTURE_AUTORELEASING = YES;
				CLANG_WARN_BOOL_CONVERSION = YES;
				CLANG_WARN_COMMA = YES;
				CLANG_WARN_CONSTANT_CONVERSION = YES;
				CLANG_WARN_DEPRECATED_OBJC_IMPLEMENTATIONS = YES;
				CLANG_WARN_DIRECT_OBJC_ISA_USAGE = YES_ERROR;
				CLANG_WARN_DOCUMENTATION_COMMENTS = YES;
				CLANG_WARN_EMPTY_BODY = YES;
				CLANG_WARN_ENUM_CONVERSION = YES;
				CLANG_WARN_INFINITE_RECURSION = YES;
				CLANG_WARN_INT_CONVERSION = YES;
				CLANG_WARN_NON_LITERAL_NULL_CONVERSION = YES;
				CLANG_WARN_OBJC_IMPLICIT_RETAIN_SELF = YES;
				CLANG_WARN_OBJC_LITERAL_CONVERSION = YES;
				CLANG_WARN_OBJC_ROOT_CLASS = YES_ERROR;
				CLANG_WARN_QUOTED_INCLUDE_IN_FRAMEWORK_HEADER = YES;
				CLANG_WARN_RANGE_LOOP_ANALYSIS = YES;
				CLANG_WARN_STRICT_PROTOTYPES = YES;
				CLANG_WARN_SUSPICIOUS_MOVE = YES;
				CLANG_WARN_UNGUARDED_AVAILABILITY = YES_AGGRESSIVE;
				CLANG_WARN_UNREACHABLE_CODE = YES;
				CLANG_WARN__DUPLICATE_METHOD_MATCH = YES;
				COPY_PHASE_STRIP = NO;
				DEBUG_INFORMATION_FORMAT = dwarf;
				ENABLE_STRICT_OBJC_MSGSEND = YES;
				ENABLE_TESTABILITY = YES;
				ENABLE_USER_SCRIPT_SANDBOXING = YES;
				GCC_C_LANGUAGE_STANDARD = gnu17;
				GCC_DYNAMIC_NO_PIC = NO;
				GCC_NO_COMMON_BLOCKS = YES;
				GCC_OPTIMIZATION_LEVEL = 0;
				GCC_PREPROCESSOR_DEFINITIONS = (
					"DEBUG=1",
					"$(inherited)",
				);
				GCC_WARN_64_TO_32_BIT_CONVERSION = YES;
				GCC_WARN_ABOUT_RETURN_TYPE = YES_ERROR;
				GCC_WARN_UNDECLARED_SELECTOR = YES;
				GCC_WARN_UNINITIALIZED_AUTOS = YES_AGGRESSIVE;
				GCC_WARN_UNUSED_FUNCTION = YES;
				GCC_WARN_UNUSED_VARIABLE = YES;
				LOCALIZATION_PREFERS_STRING_CATALOGS = YES;
				MTL_ENABLE_DEBUG_INFO = INCLUDE_SOURCE;
				MTL_FAST_MATH = YES;
				ONLY_ACTIVE_ARCH = YES;
				SWIFT_ACTIVE_COMPILATION_CONDITIONS = "DEBUG $(inherited)";
				SWIFT_OPTIMIZATION_LEVEL = "-Onone";
			};
			name = Debug;
		};
		23BF8CA92C2D05BD00C40157 /* Release */ = {
			isa = XCBuildConfiguration;
			buildSettings = {
				ALWAYS_SEARCH_USER_PATHS = NO;
				ASSETCATALOG_COMPILER_GENERATE_SWIFT_ASSET_SYMBOL_EXTENSIONS = YES;
				CLANG_ANALYZER_NONNULL = YES;
				CLANG_ANALYZER_NUMBER_OBJECT_CONVERSION = YES_AGGRESSIVE;
				CLANG_CXX_LANGUAGE_STANDARD = "gnu++20";
				CLANG_ENABLE_MODULES = YES;
				CLANG_ENABLE_OBJC_ARC = YES;
				CLANG_ENABLE_OBJC_WEAK = YES;
				CLANG_WARN_BLOCK_CAPTURE_AUTORELEASING = YES;
				CLANG_WARN_BOOL_CONVERSION = YES;
				CLANG_WARN_COMMA = YES;
				CLANG_WARN_CONSTANT_CONVERSION = YES;
				CLANG_WARN_DEPRECATED_OBJC_IMPLEMENTATIONS = YES;
				CLANG_WARN_DIRECT_OBJC_ISA_USAGE = YES_ERROR;
				CLANG_WARN_DOCUMENTATION_COMMENTS = YES;
				CLANG_WARN_EMPTY_BODY = YES;
				CLANG_WARN_ENUM_CONVERSION = YES;
				CLANG_WARN_INFINITE_RECURSION = YES;
				CLANG_WARN_INT_CONVERSION = YES;
				CLANG_WARN_NON_LITERAL_NULL_CONVERSION = YES;
				CLANG_WARN_OBJC_IMPLICIT_RETAIN_SELF = YES;
				CLANG_WARN_OBJC_LITERAL_CONVERSION = YES;
				CLANG_WARN_OBJC_ROOT_CLASS = YES_ERROR;
				CLANG_WARN_QUOTED_INCLUDE_IN_FRAMEWORK_HEADER = YES;
				CLANG_WARN_RANGE_LOOP_ANALYSIS = YES;
				CLANG_WARN_STRICT_PROTOTYPES = YES;
				CLANG_WARN_SUSPICIOUS_MOVE = YES;
				CLANG_WARN_UNGUARDED_AVAILABILITY = YES_AGGRESSIVE;
				CLANG_WARN_UNREACHABLE_CODE = YES;
				CLANG_WARN__DUPLICATE_METHOD_MATCH = YES;
				COPY_PHASE_STRIP = NO;
				DEBUG_INFORMATION_FORMAT = "dwarf-with-dsym";
				ENABLE_NS_ASSERTIONS = NO;
				ENABLE_STRICT_OBJC_MSGSEND = YES;
				ENABLE_USER_SCRIPT_SANDBOXING = YES;
				GCC_C_LANGUAGE_STANDARD = gnu17;
				GCC_NO_COMMON_BLOCKS = YES;
				GCC_WARN_64_TO_32_BIT_CONVERSION = YES;
				GCC_WARN_ABOUT_RETURN_TYPE = YES_ERROR;
				GCC_WARN_UNDECLARED_SELECTOR = YES;
				GCC_WARN_UNINITIALIZED_AUTOS = YES_AGGRESSIVE;
				GCC_WARN_UNUSED_FUNCTION = YES;
				GCC_WARN_UNUSED_VARIABLE = YES;
				LOCALIZATION_PREFERS_STRING_CATALOGS = YES;
				MTL_ENABLE_DEBUG_INFO = NO;
				MTL_FAST_MATH = YES;
				SWIFT_COMPILATION_MODE = wholemodule;
			};
			name = Release;
		};
		23BF8CAB2C2D05BD00C40157 /* Debug */ = {
			isa = XCBuildConfiguration;
			buildSettings = {
				ALWAYS_EMBED_SWIFT_STANDARD_LIBRARIES = YES;
				ASSETCATALOG_COMPILER_APPICON_NAME = AppIcon;
				ASSETCATALOG_COMPILER_GLOBAL_ACCENT_COLOR_NAME = AccentColor;
				CODE_SIGN_ENTITLEMENTS = obey/obey.entitlements;
				CODE_SIGN_STYLE = Automatic;
				CURRENT_PROJECT_VERSION = 42;
				DEVELOPMENT_ASSET_PATHS = "\"obey/Preview Content\"";
				DEVELOPMENT_TEAM = PWBLH7P4Y4;
				ENABLE_HARDENED_RUNTIME = YES;
				ENABLE_PREVIEWS = YES;
				GENERATE_INFOPLIST_FILE = YES;
				INFOPLIST_FILE = obey/Info.plist;
				INFOPLIST_KEY_CFBundleDisplayName = "Smart Choices";
				"INFOPLIST_KEY_UIApplicationSceneManifest_Generation[sdk=iphoneos*]" = YES;
				"INFOPLIST_KEY_UIApplicationSceneManifest_Generation[sdk=iphonesimulator*]" = YES;
				"INFOPLIST_KEY_UIApplicationSupportsIndirectInputEvents[sdk=iphoneos*]" = YES;
				"INFOPLIST_KEY_UIApplicationSupportsIndirectInputEvents[sdk=iphonesimulator*]" = YES;
				"INFOPLIST_KEY_UILaunchScreen_Generation[sdk=iphoneos*]" = YES;
				"INFOPLIST_KEY_UILaunchScreen_Generation[sdk=iphonesimulator*]" = YES;
				"INFOPLIST_KEY_UIStatusBarStyle[sdk=iphoneos*]" = UIStatusBarStyleDefault;
				"INFOPLIST_KEY_UIStatusBarStyle[sdk=iphonesimulator*]" = UIStatusBarStyleDefault;
				INFOPLIST_KEY_UISupportedInterfaceOrientations_iPad = "UIInterfaceOrientationPortrait UIInterfaceOrientationPortraitUpsideDown UIInterfaceOrientationLandscapeLeft UIInterfaceOrientationLandscapeRight";
				INFOPLIST_KEY_UISupportedInterfaceOrientations_iPhone = "UIInterfaceOrientationPortrait UIInterfaceOrientationLandscapeLeft UIInterfaceOrientationLandscapeRight";
				IPHONEOS_DEPLOYMENT_TARGET = 18.0;
				LD_RUNPATH_SEARCH_PATHS = "@executable_path/Frameworks";
				"LD_RUNPATH_SEARCH_PATHS[sdk=macosx*]" = "@executable_path/../Frameworks";
				MACOSX_DEPLOYMENT_TARGET = 14.0;
				MARKETING_VERSION = 1.1;
				PRODUCT_BUNDLE_IDENTIFIER = com.jacobgrant.obey;
				PRODUCT_NAME = "$(TARGET_NAME)";
				SDKROOT = auto;
				SUPPORTED_PLATFORMS = "iphoneos iphonesimulator";
				SUPPORTS_MACCATALYST = NO;
				SWIFT_EMIT_LOC_STRINGS = YES;
				SWIFT_VERSION = 5.0;
				TARGETED_DEVICE_FAMILY = 1;
			};
			name = Debug;
		};
		23BF8CAC2C2D05BD00C40157 /* Release */ = {
			isa = XCBuildConfiguration;
			buildSettings = {
				ALWAYS_EMBED_SWIFT_STANDARD_LIBRARIES = YES;
				ASSETCATALOG_COMPILER_APPICON_NAME = AppIcon;
				ASSETCATALOG_COMPILER_GLOBAL_ACCENT_COLOR_NAME = AccentColor;
				CODE_SIGN_ENTITLEMENTS = obey/obey.entitlements;
				CODE_SIGN_STYLE = Automatic;
				CURRENT_PROJECT_VERSION = 42;
				DEVELOPMENT_ASSET_PATHS = "\"obey/Preview Content\"";
				DEVELOPMENT_TEAM = PWBLH7P4Y4;
				ENABLE_HARDENED_RUNTIME = YES;
				ENABLE_PREVIEWS = YES;
				GENERATE_INFOPLIST_FILE = YES;
				INFOPLIST_FILE = obey/Info.plist;
				INFOPLIST_KEY_CFBundleDisplayName = "Smart Choices";
				"INFOPLIST_KEY_UIApplicationSceneManifest_Generation[sdk=iphoneos*]" = YES;
				"INFOPLIST_KEY_UIApplicationSceneManifest_Generation[sdk=iphonesimulator*]" = YES;
				"INFOPLIST_KEY_UIApplicationSupportsIndirectInputEvents[sdk=iphoneos*]" = YES;
				"INFOPLIST_KEY_UIApplicationSupportsIndirectInputEvents[sdk=iphonesimulator*]" = YES;
				"INFOPLIST_KEY_UILaunchScreen_Generation[sdk=iphoneos*]" = YES;
				"INFOPLIST_KEY_UILaunchScreen_Generation[sdk=iphonesimulator*]" = YES;
				"INFOPLIST_KEY_UIStatusBarStyle[sdk=iphoneos*]" = UIStatusBarStyleDefault;
				"INFOPLIST_KEY_UIStatusBarStyle[sdk=iphonesimulator*]" = UIStatusBarStyleDefault;
				INFOPLIST_KEY_UISupportedInterfaceOrientations_iPad = "UIInterfaceOrientationPortrait UIInterfaceOrientationPortraitUpsideDown UIInterfaceOrientationLandscapeLeft UIInterfaceOrientationLandscapeRight";
				INFOPLIST_KEY_UISupportedInterfaceOrientations_iPhone = "UIInterfaceOrientationPortrait UIInterfaceOrientationLandscapeLeft UIInterfaceOrientationLandscapeRight";
				IPHONEOS_DEPLOYMENT_TARGET = 18.0;
				LD_RUNPATH_SEARCH_PATHS = "@executable_path/Frameworks";
				"LD_RUNPATH_SEARCH_PATHS[sdk=macosx*]" = "@executable_path/../Frameworks";
				MACOSX_DEPLOYMENT_TARGET = 14.0;
				MARKETING_VERSION = 1.1;
				PRODUCT_BUNDLE_IDENTIFIER = com.jacobgrant.obey;
				PRODUCT_NAME = "$(TARGET_NAME)";
				SDKROOT = auto;
				SUPPORTED_PLATFORMS = "iphoneos iphonesimulator";
				SUPPORTS_MACCATALYST = NO;
				SWIFT_EMIT_LOC_STRINGS = YES;
				SWIFT_VERSION = 5.0;
				TARGETED_DEVICE_FAMILY = 1;
			};
			name = Release;
		};
		23C436262CC372AD00E21137 /* Debug */ = {
			isa = XCBuildConfiguration;
			buildSettings = {
				BUNDLE_LOADER = "$(TEST_HOST)";
				CODE_SIGN_STYLE = Automatic;
				CURRENT_PROJECT_VERSION = 1;
				DEVELOPMENT_TEAM = PWBLH7P4Y4;
				GENERATE_INFOPLIST_FILE = YES;
				IPHONEOS_DEPLOYMENT_TARGET = 18.0;
				MARKETING_VERSION = 1.0;
				PRODUCT_BUNDLE_IDENTIFIER = com.jacobgrant.obey.ObeyTests;
				PRODUCT_NAME = "$(TARGET_NAME)";
				SDKROOT = iphoneos;
				SWIFT_EMIT_LOC_STRINGS = NO;
				SWIFT_VERSION = 5.0;
				TARGETED_DEVICE_FAMILY = "1,2";
				TEST_HOST = "$(BUILT_PRODUCTS_DIR)/obey.app/$(BUNDLE_EXECUTABLE_FOLDER_PATH)/obey";
			};
			name = Debug;
		};
		23C436272CC372AD00E21137 /* Release */ = {
			isa = XCBuildConfiguration;
			buildSettings = {
				BUNDLE_LOADER = "$(TEST_HOST)";
				CODE_SIGN_STYLE = Automatic;
				CURRENT_PROJECT_VERSION = 1;
				DEVELOPMENT_TEAM = PWBLH7P4Y4;
				GENERATE_INFOPLIST_FILE = YES;
				IPHONEOS_DEPLOYMENT_TARGET = 18.0;
				MARKETING_VERSION = 1.0;
				PRODUCT_BUNDLE_IDENTIFIER = com.jacobgrant.obey.ObeyTests;
				PRODUCT_NAME = "$(TARGET_NAME)";
				SDKROOT = iphoneos;
				SWIFT_EMIT_LOC_STRINGS = NO;
				SWIFT_VERSION = 5.0;
				TARGETED_DEVICE_FAMILY = "1,2";
				TEST_HOST = "$(BUILT_PRODUCTS_DIR)/obey.app/$(BUNDLE_EXECUTABLE_FOLDER_PATH)/obey";
				VALIDATE_PRODUCT = YES;
			};
			name = Release;
		};
		23C7ECE92C35098F00001637 /* Debug */ = {
			isa = XCBuildConfiguration;
			buildSettings = {
				ASSETCATALOG_COMPILER_APPICON_NAME = AppIcon;
				ASSETCATALOG_COMPILER_GLOBAL_ACCENT_COLOR_NAME = AccentColor;
				CODE_SIGN_ENTITLEMENTS = "obeyWatch Watch App/obeyWatch Watch App.entitlements";
				CODE_SIGN_STYLE = Automatic;
				CURRENT_PROJECT_VERSION = 42;
				DEVELOPMENT_ASSET_PATHS = "\"obeyWatch Watch App/Preview Content\"";
				DEVELOPMENT_TEAM = PWBLH7P4Y4;
				ENABLE_PREVIEWS = YES;
				GENERATE_INFOPLIST_FILE = YES;
				INFOPLIST_FILE = "obeyWatch-Watch-App-Info.plist";
				INFOPLIST_KEY_CFBundleDisplayName = "Smart Choices";
				INFOPLIST_KEY_UISupportedInterfaceOrientations = "UIInterfaceOrientationPortrait UIInterfaceOrientationPortraitUpsideDown";
				INFOPLIST_KEY_WKCompanionAppBundleIdentifier = com.jacobgrant.obey;
				INFOPLIST_KEY_WKRunsIndependentlyOfCompanionApp = YES;
				LD_RUNPATH_SEARCH_PATHS = (
					"$(inherited)",
					"@executable_path/Frameworks",
				);
				MARKETING_VERSION = 1.1;
				PRODUCT_BUNDLE_IDENTIFIER = com.jacobgrant.obey.watchkitapp;
				PRODUCT_NAME = "Smart Choices";
				SDKROOT = watchos;
				SKIP_INSTALL = YES;
				SWIFT_EMIT_LOC_STRINGS = YES;
				SWIFT_VERSION = 5.0;
				TARGETED_DEVICE_FAMILY = 4;
				WATCHOS_DEPLOYMENT_TARGET = 11.0;
			};
			name = Debug;
		};
		23C7ECEA2C35098F00001637 /* Release */ = {
			isa = XCBuildConfiguration;
			buildSettings = {
				ASSETCATALOG_COMPILER_APPICON_NAME = AppIcon;
				ASSETCATALOG_COMPILER_GLOBAL_ACCENT_COLOR_NAME = AccentColor;
				CODE_SIGN_ENTITLEMENTS = "obeyWatch Watch App/obeyWatch Watch App.entitlements";
				CODE_SIGN_STYLE = Automatic;
				CURRENT_PROJECT_VERSION = 42;
				DEVELOPMENT_ASSET_PATHS = "\"obeyWatch Watch App/Preview Content\"";
				DEVELOPMENT_TEAM = PWBLH7P4Y4;
				ENABLE_PREVIEWS = YES;
				GENERATE_INFOPLIST_FILE = YES;
				INFOPLIST_FILE = "obeyWatch-Watch-App-Info.plist";
				INFOPLIST_KEY_CFBundleDisplayName = "Smart Choices";
				INFOPLIST_KEY_UISupportedInterfaceOrientations = "UIInterfaceOrientationPortrait UIInterfaceOrientationPortraitUpsideDown";
				INFOPLIST_KEY_WKCompanionAppBundleIdentifier = com.jacobgrant.obey;
				INFOPLIST_KEY_WKRunsIndependentlyOfCompanionApp = YES;
				LD_RUNPATH_SEARCH_PATHS = (
					"$(inherited)",
					"@executable_path/Frameworks",
				);
				MARKETING_VERSION = 1.1;
				PRODUCT_BUNDLE_IDENTIFIER = com.jacobgrant.obey.watchkitapp;
				PRODUCT_NAME = "Smart Choices";
				SDKROOT = watchos;
				SKIP_INSTALL = YES;
				SWIFT_EMIT_LOC_STRINGS = YES;
				SWIFT_VERSION = 5.0;
				TARGETED_DEVICE_FAMILY = 4;
				VALIDATE_PRODUCT = YES;
				WATCHOS_DEPLOYMENT_TARGET = 11.0;
			};
			name = Release;
		};
/* End XCBuildConfiguration section */

/* Begin XCConfigurationList section */
		23BF8C942C2D05BB00C40157 /* Build configuration list for PBXProject "obey" */ = {
			isa = XCConfigurationList;
			buildConfigurations = (
				23BF8CA82C2D05BD00C40157 /* Debug */,
				23BF8CA92C2D05BD00C40157 /* Release */,
			);
			defaultConfigurationIsVisible = 0;
			defaultConfigurationName = Release;
		};
		23BF8CAA2C2D05BD00C40157 /* Build configuration list for PBXNativeTarget "obey" */ = {
			isa = XCConfigurationList;
			buildConfigurations = (
				23BF8CAB2C2D05BD00C40157 /* Debug */,
				23BF8CAC2C2D05BD00C40157 /* Release */,
			);
			defaultConfigurationIsVisible = 0;
			defaultConfigurationName = Release;
		};
		23C436252CC372AD00E21137 /* Build configuration list for PBXNativeTarget "ObeyTests" */ = {
			isa = XCConfigurationList;
			buildConfigurations = (
				23C436262CC372AD00E21137 /* Debug */,
				23C436272CC372AD00E21137 /* Release */,
			);
			defaultConfigurationIsVisible = 0;
			defaultConfigurationName = Release;
		};
		23C7ECEB2C35098F00001637 /* Build configuration list for PBXNativeTarget "obeyWatch Watch App" */ = {
			isa = XCConfigurationList;
			buildConfigurations = (
				23C7ECE92C35098F00001637 /* Debug */,
				23C7ECEA2C35098F00001637 /* Release */,
			);
			defaultConfigurationIsVisible = 0;
			defaultConfigurationName = Release;
		};
/* End XCConfigurationList section */

/* Begin XCRemoteSwiftPackageReference section */
		23077F682C7ED6B8000D131F /* XCRemoteSwiftPackageReference "purchases-ios-spm" */ = {
			isa = XCRemoteSwiftPackageReference;
			repositoryURL = "https://github.com/RevenueCat/purchases-ios-spm.git";
			requirement = {
				kind = upToNextMajorVersion;
				minimumVersion = 5.3.0;
			};
		};
		23B80C242C2FB7810031B115 /* XCRemoteSwiftPackageReference "ConfettiSwiftUI" */ = {
			isa = XCRemoteSwiftPackageReference;
			repositoryURL = "https://github.com/simibac/ConfettiSwiftUI.git";
			requirement = {
				kind = upToNextMajorVersion;
				minimumVersion = 1.1.0;
			};
		};
		23C4360F2CC0BF3700E21137 /* XCRemoteSwiftPackageReference "Recap" */ = {
			isa = XCRemoteSwiftPackageReference;
			repositoryURL = "https://github.com/mergesort/Recap.git";
			requirement = {
				kind = upToNextMajorVersion;
				minimumVersion = 1.0.1;
			};
		};
/* End XCRemoteSwiftPackageReference section */

/* Begin XCSwiftPackageProductDependency section */
		23077F692C7ED6B8000D131F /* RevenueCat */ = {
			isa = XCSwiftPackageProductDependency;
			package = 23077F682C7ED6B8000D131F /* XCRemoteSwiftPackageReference "purchases-ios-spm" */;
			productName = RevenueCat;
		};
		23077F6B2C7ED6B8000D131F /* RevenueCatUI */ = {
			isa = XCSwiftPackageProductDependency;
			package = 23077F682C7ED6B8000D131F /* XCRemoteSwiftPackageReference "purchases-ios-spm" */;
			productName = RevenueCatUI;
		};
		23B80C252C2FB7810031B115 /* ConfettiSwiftUI */ = {
			isa = XCSwiftPackageProductDependency;
			package = 23B80C242C2FB7810031B115 /* XCRemoteSwiftPackageReference "ConfettiSwiftUI" */;
			productName = ConfettiSwiftUI;
		};
		23C436102CC0BF3700E21137 /* Recap */ = {
			isa = XCSwiftPackageProductDependency;
			package = 23C4360F2CC0BF3700E21137 /* XCRemoteSwiftPackageReference "Recap" */;
			productName = Recap;
		};
/* End XCSwiftPackageProductDependency section */
	};
	rootObject = 23BF8C912C2D05BB00C40157 /* Project object */;
}
